
Microsoft Visual Studio Solution File, Format Version 9.00
# Visual C# Express 2005
Project("{FAE04EC0-301F-11D3-BF4B-00C04F79EFBC}") = "TheEarthQuake.GUI", "TheEarthQuake\TheEarthQuake.GUI.csproj", "{F11CB95C-24A8-48BA-A980-EA31132415B0}"
	ProjectSection(WebsiteProperties) = preProject
		Debug.AspNetCompiler.Debug = "True"
		Release.AspNetCompiler.Debug = "False"
	EndProjectSection
EndProject
Project("{FAE04EC0-301F-11D3-BF4B-00C04F79EFBC}") = "TheEarthQuake.Logic", "Logic\TheEarthQuake.Logic.csproj", "{F252B448-3A7A-4937-81F7-700D5FB257F2}"
	ProjectSection(WebsiteProperties) = preProject
		Debug.AspNetCompiler.Debug = "True"
		Release.AspNetCompiler.Debug = "False"
	EndProjectSection
EndProject
Project("{FAE04EC0-301F-11D3-BF4B-00C04F79EFBC}") = "TheEarthQuake.Engine", "Engine\TheEarthQuake.Engine.csproj", "{6EC1672D-BFFE-49C6-8323-B6369889C0D9}"
	ProjectSection(WebsiteProperties) = preProject
		Debug.AspNetCompiler.Debug = "True"
		Release.AspNetCompiler.Debug = "False"
	EndProjectSection
EndProject
Project("{FAE04EC0-301F-11D3-BF4B-00C04F79EFBC}") = "TheEarthQuake.Maps", "Maps\TheEarthQuake.Maps.csproj", "{3B33AD3B-FAAB-4EE5-884E-4348F6688E09}"
EndProject
Project("{FAE04EC0-301F-11D3-BF4B-00C04F79EFBC}") = "TheEarthQuake.Players", "Players\TheEarthQuake.Players.csproj", "{F80F26CF-17EB-4293-B96F-7DD725A5D1FA}"
EndProject
Global
	GlobalSection(SolutionConfigurationPlatforms) = preSolution
		Debug|Any CPU = Debug|Any CPU
		Release|Any CPU = Release|Any CPU
	EndGlobalSection
	GlobalSection(ProjectConfigurationPlatforms) = postSolution
		{F11CB95C-24A8-48BA-A980-EA31132415B0}.Debug|Any CPU.ActiveCfg = Debug|Any CPU
		{F11CB95C-24A8-48BA-A980-EA31132415B0}.Debug|Any CPU.Build.0 = Debug|Any CPU
		{F11CB95C-24A8-48BA-A980-EA31132415B0}.Release|Any CPU.ActiveCfg = Release|Any CPU
		{F11CB95C-24A8-48BA-A980-EA31132415B0}.Release|Any CPU.Build.0 = Release|Any CPU
		{F252B448-3A7A-4937-81F7-700D5FB257F2}.Debug|Any CPU.ActiveCfg = Debug|Any CPU
		{F252B448-3A7A-4937-81F7-700D5FB257F2}.Debug|Any CPU.Build.0 = Debug|Any CPU
		{F252B448-3A7A-4937-81F7-700D5FB257F2}.Release|Any CPU.ActiveCfg = Release|Any CPU
		{F252B448-3A7A-4937-81F7-700D5FB257F2}.Release|Any CPU.Build.0 = Release|Any CPU
		{6EC1672D-BFFE-49C6-8323-B6369889C0D9}.Debug|Any CPU.ActiveCfg = Debug|Any CPU
		{6EC1672D-BFFE-49C6-8323-B6369889C0D9}.Debug|Any CPU.Build.0 = Debug|Any CPU
		{6EC1672D-BFFE-49C6-8323-B6369889C0D9}.Release|Any CPU.ActiveCfg = Release|Any CPU
		{6EC1672D-BFFE-49C6-8323-B6369889C0D9}.Release|Any CPU.Build.0 = Release|Any CPU
		{3B33AD3B-FAAB-4EE5-884E-4348F6688E09}.Debug|Any CPU.ActiveCfg = Debug|Any CPU
		{3B33AD3B-FAAB-4EE5-884E-4348F6688E09}.Debug|Any CPU.Build.0 = Debug|Any CPU
		{3B33AD3B-FAAB-4EE5-884E-4348F6688E09}.Release|Any CPU.ActiveCfg = Release|Any CPU
		{3B33AD3B-FAAB-4EE5-884E-4348F6688E09}.Release|Any CPU.Build.0 = Release|Any CPU
		{F80F26CF-17EB-4293-B96F-7DD725A5D1FA}.Debug|Any CPU.ActiveCfg = Debug|Any CPU
		{F80F26CF-17EB-4293-B96F-7DD725A5D1FA}.Debug|Any CPU.Build.0 = Debug|Any CPU
		{F80F26CF-17EB-4293-B96F-7DD725A5D1FA}.Release|Any CPU.ActiveCfg = Release|Any CPU
		{F80F26CF-17EB-4293-B96F-7DD725A5D1FA}.Release|Any CPU.Build.0 = Release|Any CPU
	EndGlobalSection
	GlobalSection(SolutionProperties) = preSolution
		HideSolutionNode = FALSE
	EndGlobalSection
EndGlobal
